<?xml version="1.0" encoding="UTF-8"?>
<!DOCTYPE plist PUBLIC "-//Apple//DTD PLIST 1.0//EN" "http://www.apple.com/DTDs/PropertyList-1.0.dtd">
<plist version="1.0">
<dict>
	<key>archiveVersion</key>
	<string>1</string>
	<key>classes</key>
	<dict/>
	<key>objectVersion</key>
	<string>46</string>
	<key>objects</key>
	<dict>
		<key>142D80B91AC1D81300C6EED2</key>
		<dict>
			<key>fileEncoding</key>
			<string>4</string>
			<key>isa</key>
			<string>PBXFileReference</string>
			<key>lastKnownFileType</key>
			<string>sourcecode.c.h</string>
			<key>path</key>
			<string>KittenProductionProvider.h</string>
			<key>sourceTree</key>
			<string>&lt;group&gt;</string>
		</dict>
		<key>142D80BA1AC1D81300C6EED2</key>
		<dict>
			<key>fileEncoding</key>
			<string>4</string>
			<key>isa</key>
			<string>PBXFileReference</string>
			<key>lastKnownFileType</key>
			<string>sourcecode.c.objc</string>
			<key>path</key>
			<string>KittenProductionProvider.m</string>
			<key>sourceTree</key>
			<string>&lt;group&gt;</string>
		</dict>
		<key>142D80BB1AC1D81300C6EED2</key>
		<dict>
			<key>fileRef</key>
			<string>142D80BA1AC1D81300C6EED2</string>
			<key>isa</key>
			<string>PBXBuildFile</string>
		</dict>
		<key>142D80BC1AC1DC4200C6EED2</key>
		<dict>
			<key>fileEncoding</key>
			<string>4</string>
			<key>isa</key>
			<string>PBXFileReference</string>
			<key>lastKnownFileType</key>
			<string>sourcecode.c.h</string>
			<key>path</key>
			<string>WeatherProductionProvider.h</string>
			<key>sourceTree</key>
			<string>&lt;group&gt;</string>
		</dict>
		<key>142D80BD1AC1DC4200C6EED2</key>
		<dict>
			<key>fileEncoding</key>
			<string>4</string>
			<key>isa</key>
			<string>PBXFileReference</string>
			<key>lastKnownFileType</key>
			<string>sourcecode.c.objc</string>
			<key>path</key>
			<string>WeatherProductionProvider.m</string>
			<key>sourceTree</key>
			<string>&lt;group&gt;</string>
		</dict>
		<key>142D80BE1AC1DC4200C6EED2</key>
		<dict>
			<key>fileRef</key>
			<string>142D80BD1AC1DC4200C6EED2</string>
			<key>isa</key>
			<string>PBXBuildFile</string>
		</dict>
		<key>148711A21A8D428C006EF229</key>
		<dict>
			<key>isa</key>
			<string>PBXFileReference</string>
			<key>lastKnownFileType</key>
			<string>folder.assetcatalog</string>
			<key>path</key>
			<string>Media.xcassets</string>
			<key>sourceTree</key>
			<string>&lt;group&gt;</string>
		</dict>
		<key>148711A31A8D428C006EF229</key>
		<dict>
			<key>fileRef</key>
			<string>148711A21A8D428C006EF229</string>
			<key>isa</key>
			<string>PBXBuildFile</string>
		</dict>
		<key>14CC24551A8CF63B00868D1F</key>
		<dict>
			<key>children</key>
			<array>
				<string>14CC24601A8CF63B00868D1F</string>
				<string>14CC247A1A8CF63B00868D1F</string>
				<string>14CC245F1A8CF63B00868D1F</string>
				<string>99E2E65A6C3AF209A9352CE1</string>
				<string>770FD2479A258D593955F87F</string>
			</array>
			<key>isa</key>
			<string>PBXGroup</string>
			<key>sourceTree</key>
			<string>&lt;group&gt;</string>
		</dict>
		<key>14CC24561A8CF63B00868D1F</key>
		<dict>
			<key>attributes</key>
			<dict>
				<key>LastUpgradeCheck</key>
				<string>0630</string>
				<key>ORGANIZATIONNAME</key>
				<string>Mutual Mobile</string>
				<key>TargetAttributes</key>
				<dict>
					<key>14CC245D1A8CF63B00868D1F</key>
					<dict>
						<key>CreatedOnToolsVersion</key>
						<string>6.3</string>
					</dict>
					<key>14CC24761A8CF63B00868D1F</key>
					<dict>
						<key>CreatedOnToolsVersion</key>
						<string>6.3</string>
						<key>TestTargetID</key>
						<string>14CC245D1A8CF63B00868D1F</string>
					</dict>
				</dict>
			</dict>
			<key>buildConfigurationList</key>
			<string>14CC24591A8CF63B00868D1F</string>
			<key>compatibilityVersion</key>
			<string>Xcode 3.2</string>
			<key>developmentRegion</key>
			<string>English</string>
			<key>hasScannedForEncodings</key>
			<string>0</string>
			<key>isa</key>
			<string>PBXProject</string>
			<key>knownRegions</key>
			<array>
				<string>en</string>
				<string>Base</string>
			</array>
			<key>mainGroup</key>
			<string>14CC24551A8CF63B00868D1F</string>
			<key>productRefGroup</key>
			<string>14CC245F1A8CF63B00868D1F</string>
			<key>projectDirPath</key>
			<string></string>
			<key>projectReferences</key>
			<array/>
			<key>projectRoot</key>
			<string></string>
			<key>targets</key>
			<array>
				<string>14CC245D1A8CF63B00868D1F</string>
				<string>14CC24761A8CF63B00868D1F</string>
			</array>
		</dict>
		<key>14CC24591A8CF63B00868D1F</key>
		<dict>
			<key>buildConfigurations</key>
			<array>
				<string>14CC247F1A8CF63B00868D1F</string>
				<string>14CC24801A8CF63B00868D1F</string>
			</array>
			<key>defaultConfigurationIsVisible</key>
			<string>0</string>
			<key>defaultConfigurationName</key>
			<string>Release</string>
			<key>isa</key>
			<string>XCConfigurationList</string>
		</dict>
		<key>14CC245A1A8CF63B00868D1F</key>
		<dict>
			<key>buildActionMask</key>
			<string>2147483647</string>
			<key>files</key>
			<array>
				<string>14CC24901A8D056D00868D1F</string>
				<string>14CC246A1A8CF63B00868D1F</string>
				<string>142D80BE1AC1DC4200C6EED2</string>
				<string>142D80BB1AC1D81300C6EED2</string>
				<string>14CC248B1A8CFDCA00868D1F</string>
				<string>14CC24671A8CF63B00868D1F</string>
				<string>14F797E71AC483B200275384</string>
				<string>14CC24641A8CF63B00868D1F</string>
			</array>
			<key>isa</key>
			<string>PBXSourcesBuildPhase</string>
			<key>runOnlyForDeploymentPostprocessing</key>
			<string>0</string>
		</dict>
		<key>14CC245B1A8CF63B00868D1F</key>
		<dict>
			<key>buildActionMask</key>
			<string>2147483647</string>
			<key>files</key>
			<array>
				<string>2B615C2C23974F86A9C6FC10</string>
			</array>
			<key>isa</key>
			<string>PBXFrameworksBuildPhase</string>
			<key>runOnlyForDeploymentPostprocessing</key>
			<string>0</string>
		</dict>
		<key>14CC245C1A8CF63B00868D1F</key>
		<dict>
			<key>buildActionMask</key>
			<string>2147483647</string>
			<key>files</key>
			<array>
				<string>14CC246D1A8CF63B00868D1F</string>
				<string>14CC24721A8CF63B00868D1F</string>
				<string>148711A31A8D428C006EF229</string>
				<string>14CC246F1A8CF63B00868D1F</string>
			</array>
			<key>isa</key>
			<string>PBXResourcesBuildPhase</string>
			<key>runOnlyForDeploymentPostprocessing</key>
			<string>0</string>
		</dict>
		<key>14CC245D1A8CF63B00868D1F</key>
		<dict>
			<key>buildConfigurationList</key>
			<string>14CC24811A8CF63B00868D1F</string>
			<key>buildPhases</key>
			<array>
				<string>4272076765662E95A7AEF146</string>
				<string>14CC245A1A8CF63B00868D1F</string>
				<string>14CC245B1A8CF63B00868D1F</string>
				<string>14CC245C1A8CF63B00868D1F</string>
				<string>E5258AE6780316B1124265EA</string>
			</array>
			<key>buildRules</key>
			<array/>
			<key>dependencies</key>
			<array/>
			<key>isa</key>
			<string>PBXNativeTarget</string>
			<key>name</key>
			<string>KittenWeather</string>
			<key>productName</key>
			<string>KittenWeather</string>
			<key>productReference</key>
			<string>14CC245E1A8CF63B00868D1F</string>
			<key>productType</key>
			<string>com.apple.product-type.application</string>
		</dict>
		<key>14CC245E1A8CF63B00868D1F</key>
		<dict>
			<key>explicitFileType</key>
			<string>wrapper.application</string>
			<key>includeInIndex</key>
			<string>0</string>
			<key>isa</key>
			<string>PBXFileReference</string>
			<key>path</key>
			<string>KittenWeather.app</string>
			<key>sourceTree</key>
			<string>BUILT_PRODUCTS_DIR</string>
		</dict>
		<key>14CC245F1A8CF63B00868D1F</key>
		<dict>
			<key>children</key>
			<array>
				<string>14CC245E1A8CF63B00868D1F</string>
				<string>14CC24771A8CF63B00868D1F</string>
			</array>
			<key>isa</key>
			<string>PBXGroup</string>
			<key>name</key>
			<string>Products</string>
			<key>sourceTree</key>
			<string>&lt;group&gt;</string>
		</dict>
		<key>14CC24601A8CF63B00868D1F</key>
		<dict>
			<key>children</key>
			<array>
				<string>14F797E81AC4859000275384</string>
				<string>14CC248D1A8D03F600868D1F</string>
				<string>14CC248C1A8D03E400868D1F</string>
				<string>14CC24651A8CF63B00868D1F</string>
				<string>14CC24661A8CF63B00868D1F</string>
				<string>14CC24681A8CF63B00868D1F</string>
				<string>14CC24691A8CF63B00868D1F</string>
				<string>14CC246B1A8CF63B00868D1F</string>
				<string>14CC246E1A8CF63B00868D1F</string>
				<string>14CC24701A8CF63B00868D1F</string>
				<string>14CC24611A8CF63B00868D1F</string>
				<string>148711A21A8D428C006EF229</string>
			</array>
			<key>isa</key>
			<string>PBXGroup</string>
			<key>path</key>
			<string>KittenWeather</string>
			<key>sourceTree</key>
			<string>&lt;group&gt;</string>
		</dict>
		<key>14CC24611A8CF63B00868D1F</key>
		<dict>
			<key>children</key>
			<array>
				<string>14CC24621A8CF63B00868D1F</string>
				<string>14CC24631A8CF63B00868D1F</string>
			</array>
			<key>isa</key>
			<string>PBXGroup</string>
			<key>name</key>
			<string>Supporting Files</string>
			<key>sourceTree</key>
			<string>&lt;group&gt;</string>
		</dict>
		<key>14CC24621A8CF63B00868D1F</key>
		<dict>
			<key>isa</key>
			<string>PBXFileReference</string>
			<key>lastKnownFileType</key>
			<string>text.plist.xml</string>
			<key>path</key>
			<string>Info.plist</string>
			<key>sourceTree</key>
			<string>&lt;group&gt;</string>
		</dict>
		<key>14CC24631A8CF63B00868D1F</key>
		<dict>
			<key>isa</key>
			<string>PBXFileReference</string>
			<key>lastKnownFileType</key>
			<string>sourcecode.c.objc</string>
			<key>path</key>
			<string>main.m</string>
			<key>sourceTree</key>
			<string>&lt;group&gt;</string>
		</dict>
		<key>14CC24641A8CF63B00868D1F</key>
		<dict>
			<key>fileRef</key>
			<string>14CC24631A8CF63B00868D1F</string>
			<key>isa</key>
			<string>PBXBuildFile</string>
		</dict>
		<key>14CC24651A8CF63B00868D1F</key>
		<dict>
			<key>isa</key>
			<string>PBXFileReference</string>
			<key>lastKnownFileType</key>
			<string>sourcecode.c.h</string>
			<key>path</key>
			<string>AppDelegate.h</string>
			<key>sourceTree</key>
			<string>&lt;group&gt;</string>
		</dict>
		<key>14CC24661A8CF63B00868D1F</key>
		<dict>
			<key>isa</key>
			<string>PBXFileReference</string>
			<key>lastKnownFileType</key>
			<string>sourcecode.c.objc</string>
			<key>path</key>
			<string>AppDelegate.m</string>
			<key>sourceTree</key>
			<string>&lt;group&gt;</string>
		</dict>
		<key>14CC24671A8CF63B00868D1F</key>
		<dict>
			<key>fileRef</key>
			<string>14CC24661A8CF63B00868D1F</string>
			<key>isa</key>
			<string>PBXBuildFile</string>
		</dict>
		<key>14CC24681A8CF63B00868D1F</key>
		<dict>
			<key>isa</key>
			<string>PBXFileReference</string>
			<key>lastKnownFileType</key>
			<string>sourcecode.c.h</string>
			<key>path</key>
			<string>ViewController.h</string>
			<key>sourceTree</key>
			<string>&lt;group&gt;</string>
		</dict>
		<key>14CC24691A8CF63B00868D1F</key>
		<dict>
			<key>isa</key>
			<string>PBXFileReference</string>
			<key>lastKnownFileType</key>
			<string>sourcecode.c.objc</string>
			<key>path</key>
			<string>ViewController.m</string>
			<key>sourceTree</key>
			<string>&lt;group&gt;</string>
		</dict>
		<key>14CC246A1A8CF63B00868D1F</key>
		<dict>
			<key>fileRef</key>
			<string>14CC24691A8CF63B00868D1F</string>
			<key>isa</key>
			<string>PBXBuildFile</string>
		</dict>
		<key>14CC246B1A8CF63B00868D1F</key>
		<dict>
			<key>children</key>
			<array>
				<string>14CC246C1A8CF63B00868D1F</string>
			</array>
			<key>isa</key>
			<string>PBXVariantGroup</string>
			<key>name</key>
			<string>Main.storyboard</string>
			<key>sourceTree</key>
			<string>&lt;group&gt;</string>
		</dict>
		<key>14CC246C1A8CF63B00868D1F</key>
		<dict>
			<key>isa</key>
			<string>PBXFileReference</string>
			<key>lastKnownFileType</key>
			<string>file.storyboard</string>
			<key>name</key>
			<string>Base</string>
			<key>path</key>
			<string>Base.lproj/Main.storyboard</string>
			<key>sourceTree</key>
			<string>&lt;group&gt;</string>
		</dict>
		<key>14CC246D1A8CF63B00868D1F</key>
		<dict>
			<key>fileRef</key>
			<string>14CC246B1A8CF63B00868D1F</string>
			<key>isa</key>
			<string>PBXBuildFile</string>
		</dict>
		<key>14CC246E1A8CF63B00868D1F</key>
		<dict>
			<key>isa</key>
			<string>PBXFileReference</string>
			<key>lastKnownFileType</key>
			<string>folder.assetcatalog</string>
			<key>path</key>
			<string>Images.xcassets</string>
			<key>sourceTree</key>
			<string>&lt;group&gt;</string>
		</dict>
		<key>14CC246F1A8CF63B00868D1F</key>
		<dict>
			<key>fileRef</key>
			<string>14CC246E1A8CF63B00868D1F</string>
			<key>isa</key>
			<string>PBXBuildFile</string>
		</dict>
		<key>14CC24701A8CF63B00868D1F</key>
		<dict>
			<key>children</key>
			<array>
				<string>14CC24711A8CF63B00868D1F</string>
			</array>
			<key>isa</key>
			<string>PBXVariantGroup</string>
			<key>name</key>
			<string>LaunchScreen.xib</string>
			<key>sourceTree</key>
			<string>&lt;group&gt;</string>
		</dict>
		<key>14CC24711A8CF63B00868D1F</key>
		<dict>
			<key>isa</key>
			<string>PBXFileReference</string>
			<key>lastKnownFileType</key>
			<string>file.xib</string>
			<key>name</key>
			<string>Base</string>
			<key>path</key>
			<string>Base.lproj/LaunchScreen.xib</string>
			<key>sourceTree</key>
			<string>&lt;group&gt;</string>
		</dict>
		<key>14CC24721A8CF63B00868D1F</key>
		<dict>
			<key>fileRef</key>
			<string>14CC24701A8CF63B00868D1F</string>
			<key>isa</key>
			<string>PBXBuildFile</string>
		</dict>
		<key>14CC24731A8CF63B00868D1F</key>
		<dict>
			<key>buildActionMask</key>
			<string>2147483647</string>
			<key>files</key>
			<array>
				<string>14F8A1CE1AC9D17A00B3879F</string>
				<string>14F797E91AC4909600275384</string>
				<string>14F797EB1AC490E500275384</string>
				<string>14CC247E1A8CF63B00868D1F</string>
			</array>
			<key>isa</key>
			<string>PBXSourcesBuildPhase</string>
			<key>runOnlyForDeploymentPostprocessing</key>
			<string>0</string>
		</dict>
		<key>14CC24741A8CF63B00868D1F</key>
		<dict>
			<key>buildActionMask</key>
			<string>2147483647</string>
			<key>files</key>
			<array>
				<string>36E4DDF602F1443A0C807C26</string>
			</array>
			<key>isa</key>
			<string>PBXFrameworksBuildPhase</string>
			<key>runOnlyForDeploymentPostprocessing</key>
			<string>0</string>
		</dict>
		<key>14CC24751A8CF63B00868D1F</key>
		<dict>
			<key>buildActionMask</key>
			<string>2147483647</string>
			<key>files</key>
			<array>
				<string>9BF6224B1AD860C50017E053</string>
			</array>
			<key>isa</key>
			<string>PBXResourcesBuildPhase</string>
			<key>runOnlyForDeploymentPostprocessing</key>
			<string>0</string>
		</dict>
		<key>14CC24761A8CF63B00868D1F</key>
		<dict>
			<key>buildConfigurationList</key>
			<string>14CC24841A8CF63B00868D1F</string>
			<key>buildPhases</key>
			<array>
				<string>C7ABE852F5024FF33C662FD5</string>
				<string>14CC24731A8CF63B00868D1F</string>
				<string>14CC24741A8CF63B00868D1F</string>
				<string>14CC24751A8CF63B00868D1F</string>
				<string>4868FA7B4819574B2E604B93</string>
			</array>
			<key>buildRules</key>
			<array/>
			<key>dependencies</key>
			<array>
				<string>14CC24791A8CF63B00868D1F</string>
			</array>
			<key>isa</key>
			<string>PBXNativeTarget</string>
			<key>name</key>
			<string>KittenWeatherTests</string>
			<key>productName</key>
			<string>KittenWeatherTests</string>
			<key>productReference</key>
			<string>14CC24771A8CF63B00868D1F</string>
			<key>productType</key>
			<string>com.apple.product-type.bundle.unit-test</string>
		</dict>
		<key>14CC24771A8CF63B00868D1F</key>
		<dict>
			<key>explicitFileType</key>
			<string>wrapper.cfbundle</string>
			<key>includeInIndex</key>
			<string>0</string>
			<key>isa</key>
			<string>PBXFileReference</string>
			<key>path</key>
			<string>KittenWeatherTests.xctest</string>
			<key>sourceTree</key>
			<string>BUILT_PRODUCTS_DIR</string>
		</dict>
		<key>14CC24781A8CF63B00868D1F</key>
		<dict>
			<key>containerPortal</key>
			<string>14CC24561A8CF63B00868D1F</string>
			<key>isa</key>
			<string>PBXContainerItemProxy</string>
			<key>proxyType</key>
			<string>1</string>
			<key>remoteGlobalIDString</key>
			<string>14CC245D1A8CF63B00868D1F</string>
			<key>remoteInfo</key>
			<string>KittenWeather</string>
		</dict>
		<key>14CC24791A8CF63B00868D1F</key>
		<dict>
			<key>isa</key>
			<string>PBXTargetDependency</string>
			<key>target</key>
			<string>14CC245D1A8CF63B00868D1F</string>
			<key>targetProxy</key>
			<string>14CC24781A8CF63B00868D1F</string>
		</dict>
		<key>14CC247A1A8CF63B00868D1F</key>
		<dict>
			<key>children</key>
			<array>
				<string>9BF6224A1AD860C50017E053</string>
				<string>14CC247D1A8CF63B00868D1F</string>
				<string>14CC247B1A8CF63B00868D1F</string>
				<string>14F797EA1AC490E500275384</string>
				<string>14F8A1CD1AC9D17A00B3879F</string>
			</array>
			<key>isa</key>
			<string>PBXGroup</string>
			<key>path</key>
			<string>KittenWeatherTests</string>
			<key>sourceTree</key>
			<string>&lt;group&gt;</string>
		</dict>
		<key>14CC247B1A8CF63B00868D1F</key>
		<dict>
			<key>children</key>
			<array>
				<string>14CC247C1A8CF63B00868D1F</string>
			</array>
			<key>isa</key>
			<string>PBXGroup</string>
			<key>name</key>
			<string>Supporting Files</string>
			<key>sourceTree</key>
			<string>&lt;group&gt;</string>
		</dict>
		<key>14CC247C1A8CF63B00868D1F</key>
		<dict>
			<key>isa</key>
			<string>PBXFileReference</string>
			<key>lastKnownFileType</key>
			<string>text.plist.xml</string>
			<key>path</key>
			<string>Info.plist</string>
			<key>sourceTree</key>
			<string>&lt;group&gt;</string>
		</dict>
		<key>14CC247D1A8CF63B00868D1F</key>
		<dict>
			<key>isa</key>
			<string>PBXFileReference</string>
			<key>lastKnownFileType</key>
			<string>sourcecode.c.objc</string>
			<key>path</key>
			<string>KittenWeatherTests.m</string>
			<key>sourceTree</key>
			<string>&lt;group&gt;</string>
		</dict>
		<key>14CC247E1A8CF63B00868D1F</key>
		<dict>
			<key>fileRef</key>
			<string>14CC247D1A8CF63B00868D1F</string>
			<key>isa</key>
			<string>PBXBuildFile</string>
		</dict>
		<key>14CC247F1A8CF63B00868D1F</key>
		<dict>
			<key>buildSettings</key>
			<dict>
				<key>ALWAYS_SEARCH_USER_PATHS</key>
				<string>NO</string>
				<key>CLANG_CXX_LANGUAGE_STANDARD</key>
				<string>gnu++0x</string>
				<key>CLANG_CXX_LIBRARY</key>
				<string>libc++</string>
				<key>CLANG_ENABLE_MODULES</key>
				<string>YES</string>
				<key>CLANG_ENABLE_OBJC_ARC</key>
				<string>YES</string>
				<key>CLANG_WARN_BOOL_CONVERSION</key>
				<string>YES</string>
				<key>CLANG_WARN_CONSTANT_CONVERSION</key>
				<string>YES</string>
				<key>CLANG_WARN_DIRECT_OBJC_ISA_USAGE</key>
				<string>YES_ERROR</string>
				<key>CLANG_WARN_EMPTY_BODY</key>
				<string>YES</string>
				<key>CLANG_WARN_ENUM_CONVERSION</key>
				<string>YES</string>
				<key>CLANG_WARN_INT_CONVERSION</key>
				<string>YES</string>
				<key>CLANG_WARN_OBJC_ROOT_CLASS</key>
				<string>YES_ERROR</string>
				<key>CLANG_WARN_UNREACHABLE_CODE</key>
				<string>YES</string>
				<key>CLANG_WARN__DUPLICATE_METHOD_MATCH</key>
				<string>YES</string>
				<key>CODE_SIGN_IDENTITY[sdk=iphoneos*]</key>
				<string>iPhone Developer</string>
				<key>COPY_PHASE_STRIP</key>
				<string>NO</string>
				<key>DEBUG_INFORMATION_FORMAT</key>
				<string>dwarf</string>
				<key>ENABLE_STRICT_OBJC_MSGSEND</key>
				<string>YES</string>
				<key>GCC_C_LANGUAGE_STANDARD</key>
				<string>gnu99</string>
				<key>GCC_DYNAMIC_NO_PIC</key>
				<string>NO</string>
				<key>GCC_OPTIMIZATION_LEVEL</key>
				<string>0</string>
				<key>GCC_PREPROCESSOR_DEFINITIONS</key>
				<array>
					<string>DEBUG=1</string>
					<string>$(inherited)</string>
				</array>
				<key>GCC_SYMBOLS_PRIVATE_EXTERN</key>
				<string>NO</string>
				<key>GCC_WARN_64_TO_32_BIT_CONVERSION</key>
				<string>YES</string>
				<key>GCC_WARN_ABOUT_RETURN_TYPE</key>
				<string>YES_ERROR</string>
				<key>GCC_WARN_UNDECLARED_SELECTOR</key>
				<string>YES</string>
				<key>GCC_WARN_UNINITIALIZED_AUTOS</key>
				<string>YES_AGGRESSIVE</string>
				<key>GCC_WARN_UNUSED_FUNCTION</key>
				<string>YES</string>
				<key>GCC_WARN_UNUSED_VARIABLE</key>
				<string>YES</string>
				<key>IPHONEOS_DEPLOYMENT_TARGET</key>
				<string>8.3</string>
				<key>MTL_ENABLE_DEBUG_INFO</key>
				<string>YES</string>
				<key>ONLY_ACTIVE_ARCH</key>
				<string>YES</string>
				<key>SDKROOT</key>
				<string>iphoneos</string>
				<key>TARGETED_DEVICE_FAMILY</key>
				<string>1,2</string>
			</dict>
			<key>isa</key>
			<string>XCBuildConfiguration</string>
			<key>name</key>
			<string>Debug</string>
		</dict>
		<key>14CC24801A8CF63B00868D1F</key>
		<dict>
			<key>buildSettings</key>
			<dict>
				<key>ALWAYS_SEARCH_USER_PATHS</key>
				<string>NO</string>
				<key>CLANG_CXX_LANGUAGE_STANDARD</key>
				<string>gnu++0x</string>
				<key>CLANG_CXX_LIBRARY</key>
				<string>libc++</string>
				<key>CLANG_ENABLE_MODULES</key>
				<string>YES</string>
				<key>CLANG_ENABLE_OBJC_ARC</key>
				<string>YES</string>
				<key>CLANG_WARN_BOOL_CONVERSION</key>
				<string>YES</string>
				<key>CLANG_WARN_CONSTANT_CONVERSION</key>
				<string>YES</string>
				<key>CLANG_WARN_DIRECT_OBJC_ISA_USAGE</key>
				<string>YES_ERROR</string>
				<key>CLANG_WARN_EMPTY_BODY</key>
				<string>YES</string>
				<key>CLANG_WARN_ENUM_CONVERSION</key>
				<string>YES</string>
				<key>CLANG_WARN_INT_CONVERSION</key>
				<string>YES</string>
				<key>CLANG_WARN_OBJC_ROOT_CLASS</key>
				<string>YES_ERROR</string>
				<key>CLANG_WARN_UNREACHABLE_CODE</key>
				<string>YES</string>
				<key>CLANG_WARN__DUPLICATE_METHOD_MATCH</key>
				<string>YES</string>
				<key>CODE_SIGN_IDENTITY[sdk=iphoneos*]</key>
				<string>iPhone Developer</string>
				<key>COPY_PHASE_STRIP</key>
				<string>NO</string>
				<key>DEBUG_INFORMATION_FORMAT</key>
				<string>dwarf-with-dsym</string>
				<key>ENABLE_NS_ASSERTIONS</key>
				<string>NO</string>
				<key>ENABLE_STRICT_OBJC_MSGSEND</key>
				<string>YES</string>
				<key>GCC_C_LANGUAGE_STANDARD</key>
				<string>gnu99</string>
				<key>GCC_WARN_64_TO_32_BIT_CONVERSION</key>
				<string>YES</string>
				<key>GCC_WARN_ABOUT_RETURN_TYPE</key>
				<string>YES_ERROR</string>
				<key>GCC_WARN_UNDECLARED_SELECTOR</key>
				<string>YES</string>
				<key>GCC_WARN_UNINITIALIZED_AUTOS</key>
				<string>YES_AGGRESSIVE</string>
				<key>GCC_WARN_UNUSED_FUNCTION</key>
				<string>YES</string>
				<key>GCC_WARN_UNUSED_VARIABLE</key>
				<string>YES</string>
				<key>IPHONEOS_DEPLOYMENT_TARGET</key>
				<string>8.3</string>
				<key>MTL_ENABLE_DEBUG_INFO</key>
				<string>NO</string>
				<key>SDKROOT</key>
				<string>iphoneos</string>
				<key>TARGETED_DEVICE_FAMILY</key>
				<string>1,2</string>
				<key>VALIDATE_PRODUCT</key>
				<string>YES</string>
			</dict>
			<key>isa</key>
			<string>XCBuildConfiguration</string>
			<key>name</key>
			<string>Release</string>
		</dict>
		<key>14CC24811A8CF63B00868D1F</key>
		<dict>
			<key>buildConfigurations</key>
			<array>
				<string>14CC24821A8CF63B00868D1F</string>
				<string>14CC24831A8CF63B00868D1F</string>
			</array>
			<key>defaultConfigurationIsVisible</key>
			<string>0</string>
			<key>defaultConfigurationName</key>
			<string>Release</string>
			<key>isa</key>
			<string>XCConfigurationList</string>
		</dict>
		<key>14CC24821A8CF63B00868D1F</key>
		<dict>
			<key>baseConfigurationReference</key>
			<string>BD93D5D95BFBA92445C0A25C</string>
			<key>buildSettings</key>
			<dict>
				<key>ASSETCATALOG_COMPILER_APPICON_NAME</key>
				<string>AppIcon</string>
				<key>INFOPLIST_FILE</key>
				<string>KittenWeather/Info.plist</string>
				<key>IPHONEOS_DEPLOYMENT_TARGET</key>
				<string>8.2</string>
				<key>LD_RUNPATH_SEARCH_PATHS</key>
				<string>$(inherited) @executable_path/Frameworks</string>
				<key>PRODUCT_NAME</key>
				<string>$(TARGET_NAME)</string>
			</dict>
			<key>isa</key>
			<string>XCBuildConfiguration</string>
			<key>name</key>
			<string>Debug</string>
		</dict>
		<key>14CC24831A8CF63B00868D1F</key>
		<dict>
			<key>baseConfigurationReference</key>
			<string>1C3EED05880226191BD6CA8C</string>
			<key>buildSettings</key>
			<dict>
				<key>ASSETCATALOG_COMPILER_APPICON_NAME</key>
				<string>AppIcon</string>
				<key>INFOPLIST_FILE</key>
				<string>KittenWeather/Info.plist</string>
				<key>IPHONEOS_DEPLOYMENT_TARGET</key>
				<string>8.2</string>
				<key>LD_RUNPATH_SEARCH_PATHS</key>
				<string>$(inherited) @executable_path/Frameworks</string>
				<key>PRODUCT_NAME</key>
				<string>$(TARGET_NAME)</string>
			</dict>
			<key>isa</key>
			<string>XCBuildConfiguration</string>
			<key>name</key>
			<string>Release</string>
		</dict>
		<key>14CC24841A8CF63B00868D1F</key>
		<dict>
			<key>buildConfigurations</key>
			<array>
				<string>14CC24851A8CF63B00868D1F</string>
				<string>14CC24861A8CF63B00868D1F</string>
			</array>
			<key>defaultConfigurationIsVisible</key>
			<string>0</string>
			<key>defaultConfigurationName</key>
			<string>Release</string>
			<key>isa</key>
			<string>XCConfigurationList</string>
		</dict>
		<key>14CC24851A8CF63B00868D1F</key>
		<dict>
			<key>baseConfigurationReference</key>
			<string>90B02D9BDED15C9E99B6752F</string>
			<key>buildSettings</key>
			<dict>
				<key>BUNDLE_LOADER</key>
				<string>$(TEST_HOST)</string>
				<key>FRAMEWORK_SEARCH_PATHS</key>
				<array>
					<string>$(SDKROOT)/Developer/Library/Frameworks</string>
					<string>$(inherited)</string>
				</array>
				<key>GCC_PREPROCESSOR_DEFINITIONS</key>
				<array>
					<string>DEBUG=1</string>
					<string>$(inherited)</string>
					<string>FB_REFERENCE_IMAGE_DIR="\"$(SOURCE_ROOT)/$(PROJECT_NAME)Tests/ReferenceImages\""</string>
				</array>
				<key>INFOPLIST_FILE</key>
				<string>KittenWeatherTests/Info.plist</string>
				<key>LD_RUNPATH_SEARCH_PATHS</key>
				<string>$(inherited) @executable_path/Frameworks @loader_path/Frameworks</string>
				<key>PRODUCT_NAME</key>
				<string>$(TARGET_NAME)</string>
				<key>TEST_HOST</key>
				<string>$(BUILT_PRODUCTS_DIR)/KittenWeather.app/KittenWeather</string>
			</dict>
			<key>isa</key>
			<string>XCBuildConfiguration</string>
			<key>name</key>
			<string>Debug</string>
		</dict>
		<key>14CC24861A8CF63B00868D1F</key>
		<dict>
			<key>baseConfigurationReference</key>
			<string>3806672674D03B6FDB0353E8</string>
			<key>buildSettings</key>
			<dict>
				<key>BUNDLE_LOADER</key>
				<string>$(TEST_HOST)</string>
				<key>FRAMEWORK_SEARCH_PATHS</key>
				<array>
					<string>$(SDKROOT)/Developer/Library/Frameworks</string>
					<string>$(inherited)</string>
				</array>
				<key>GCC_PREPROCESSOR_DEFINITIONS</key>
				<array>
					<string>$(inherited)</string>
					<string>COCOAPODS=1</string>
					<string>FB_REFERENCE_IMAGE_DIR="\"$(SOURCE_ROOT)/$(PROJECT_NAME)Tests/ReferenceImages\""</string>
				</array>
				<key>INFOPLIST_FILE</key>
				<string>KittenWeatherTests/Info.plist</string>
				<key>LD_RUNPATH_SEARCH_PATHS</key>
				<string>$(inherited) @executable_path/Frameworks @loader_path/Frameworks</string>
				<key>PRODUCT_NAME</key>
				<string>$(TARGET_NAME)</string>
				<key>TEST_HOST</key>
				<string>$(BUILT_PRODUCTS_DIR)/KittenWeather.app/KittenWeather</string>
			</dict>
			<key>isa</key>
			<string>XCBuildConfiguration</string>
			<key>name</key>
			<string>Release</string>
		</dict>
		<key>14CC24871A8CFA6B00868D1F</key>
		<dict>
			<key>fileEncoding</key>
			<string>4</string>
			<key>isa</key>
			<string>PBXFileReference</string>
			<key>lastKnownFileType</key>
			<string>sourcecode.c.h</string>
			<key>path</key>
			<string>KittenProvider.h</string>
			<key>sourceTree</key>
			<string>&lt;group&gt;</string>
		</dict>
		<key>14CC24881A8CFA8300868D1F</key>
		<dict>
			<key>fileEncoding</key>
			<string>4</string>
			<key>isa</key>
			<string>PBXFileReference</string>
			<key>lastKnownFileType</key>
			<string>sourcecode.c.h</string>
			<key>path</key>
			<string>WeatherProvider.h</string>
			<key>sourceTree</key>
			<string>&lt;group&gt;</string>
		</dict>
		<key>14CC24891A8CFDCA00868D1F</key>
		<dict>
			<key>fileEncoding</key>
			<string>4</string>
			<key>isa</key>
			<string>PBXFileReference</string>
			<key>lastKnownFileType</key>
			<string>sourcecode.c.h</string>
			<key>path</key>
			<string>KittenTestProvider.h</string>
			<key>sourceTree</key>
			<string>&lt;group&gt;</string>
		</dict>
		<key>14CC248A1A8CFDCA00868D1F</key>
		<dict>
			<key>fileEncoding</key>
			<string>4</string>
			<key>isa</key>
			<string>PBXFileReference</string>
			<key>lastKnownFileType</key>
			<string>sourcecode.c.objc</string>
			<key>path</key>
			<string>KittenTestProvider.m</string>
			<key>sourceTree</key>
			<string>&lt;group&gt;</string>
		</dict>
		<key>14CC248B1A8CFDCA00868D1F</key>
		<dict>
			<key>fileRef</key>
			<string>14CC248A1A8CFDCA00868D1F</string>
			<key>isa</key>
			<string>PBXBuildFile</string>
		</dict>
		<key>14CC248C1A8D03E400868D1F</key>
		<dict>
			<key>children</key>
			<array>
				<string>14CC24871A8CFA6B00868D1F</string>
				<string>142D80B91AC1D81300C6EED2</string>
				<string>142D80BA1AC1D81300C6EED2</string>
				<string>14CC24891A8CFDCA00868D1F</string>
				<string>14CC248A1A8CFDCA00868D1F</string>
			</array>
			<key>isa</key>
			<string>PBXGroup</string>
			<key>name</key>
			<string>KittenProvider</string>
			<key>sourceTree</key>
			<string>&lt;group&gt;</string>
		</dict>
		<key>14CC248D1A8D03F600868D1F</key>
		<dict>
			<key>children</key>
			<array>
				<string>14CC24881A8CFA8300868D1F</string>
				<string>14CC248E1A8D056D00868D1F</string>
				<string>14CC248F1A8D056D00868D1F</string>
				<string>142D80BC1AC1DC4200C6EED2</string>
				<string>142D80BD1AC1DC4200C6EED2</string>
			</array>
			<key>isa</key>
			<string>PBXGroup</string>
			<key>name</key>
			<string>WeatherProvider</string>
			<key>sourceTree</key>
			<string>&lt;group&gt;</string>
		</dict>
		<key>14CC248E1A8D056D00868D1F</key>
		<dict>
			<key>fileEncoding</key>
			<string>4</string>
			<key>isa</key>
			<string>PBXFileReference</string>
			<key>lastKnownFileType</key>
			<string>sourcecode.c.h</string>
			<key>path</key>
			<string>WeatherTestProvider.h</string>
			<key>sourceTree</key>
			<string>&lt;group&gt;</string>
		</dict>
		<key>14CC248F1A8D056D00868D1F</key>
		<dict>
			<key>fileEncoding</key>
			<string>4</string>
			<key>isa</key>
			<string>PBXFileReference</string>
			<key>lastKnownFileType</key>
			<string>sourcecode.c.objc</string>
			<key>path</key>
			<string>WeatherTestProvider.m</string>
			<key>sourceTree</key>
			<string>&lt;group&gt;</string>
		</dict>
		<key>14CC24901A8D056D00868D1F</key>
		<dict>
			<key>fileRef</key>
			<string>14CC248F1A8D056D00868D1F</string>
			<key>isa</key>
			<string>PBXBuildFile</string>
		</dict>
		<key>14F797E51AC483B200275384</key>
		<dict>
			<key>fileEncoding</key>
			<string>4</string>
			<key>isa</key>
			<string>PBXFileReference</string>
			<key>lastKnownFileType</key>
			<string>sourcecode.c.h</string>
			<key>path</key>
			<string>Temperature.h</string>
			<key>sourceTree</key>
			<string>&lt;group&gt;</string>
		</dict>
		<key>14F797E61AC483B200275384</key>
		<dict>
			<key>fileEncoding</key>
			<string>4</string>
			<key>isa</key>
			<string>PBXFileReference</string>
			<key>lastKnownFileType</key>
			<string>sourcecode.c.objc</string>
			<key>path</key>
			<string>Temperature.m</string>
			<key>sourceTree</key>
			<string>&lt;group&gt;</string>
		</dict>
		<key>14F797E71AC483B200275384</key>
		<dict>
			<key>fileRef</key>
			<string>14F797E61AC483B200275384</string>
			<key>isa</key>
			<string>PBXBuildFile</string>
		</dict>
		<key>14F797E81AC4859000275384</key>
		<dict>
			<key>children</key>
			<array>
				<string>14F797E51AC483B200275384</string>
				<string>14F797E61AC483B200275384</string>
			</array>
			<key>isa</key>
			<string>PBXGroup</string>
			<key>name</key>
			<string>Temperature</string>
			<key>sourceTree</key>
			<string>&lt;group&gt;</string>
		</dict>
		<key>14F797E91AC4909600275384</key>
		<dict>
			<key>fileRef</key>
			<string>14F797E61AC483B200275384</string>
			<key>isa</key>
			<string>PBXBuildFile</string>
		</dict>
		<key>14F797EA1AC490E500275384</key>
		<dict>
			<key>fileEncoding</key>
			<string>4</string>
			<key>isa</key>
			<string>PBXFileReference</string>
			<key>lastKnownFileType</key>
			<string>sourcecode.c.objc</string>
			<key>path</key>
			<string>TemperatureTests.m</string>
			<key>sourceTree</key>
			<string>&lt;group&gt;</string>
		</dict>
		<key>14F797EB1AC490E500275384</key>
		<dict>
			<key>fileRef</key>
			<string>14F797EA1AC490E500275384</string>
			<key>isa</key>
			<string>PBXBuildFile</string>
		</dict>
		<key>14F8A1CD1AC9D17A00B3879F</key>
		<dict>
			<key>fileEncoding</key>
			<string>4</string>
			<key>isa</key>
			<string>PBXFileReference</string>
			<key>lastKnownFileType</key>
			<string>sourcecode.c.objc</string>
			<key>path</key>
			<string>ViewTests.m</string>
			<key>sourceTree</key>
			<string>&lt;group&gt;</string>
		</dict>
		<key>14F8A1CE1AC9D17A00B3879F</key>
		<dict>
			<key>fileRef</key>
			<string>14F8A1CD1AC9D17A00B3879F</string>
			<key>isa</key>
			<string>PBXBuildFile</string>
		</dict>
		<key>1C3EED05880226191BD6CA8C</key>
		<dict>
			<key>includeInIndex</key>
			<string>1</string>
			<key>isa</key>
			<string>PBXFileReference</string>
			<key>lastKnownFileType</key>
			<string>text.xcconfig</string>
			<key>name</key>
			<string>Pods.release.xcconfig</string>
			<key>path</key>
			<string>Pods/Target Support Files/Pods/Pods.release.xcconfig</string>
			<key>sourceTree</key>
			<string>&lt;group&gt;</string>
		</dict>
		<key>2B615C2C23974F86A9C6FC10</key>
		<dict>
			<key>fileRef</key>
			<string>BBEBD4D42D48FBAF7FE58E91</string>
			<key>isa</key>
			<string>PBXBuildFile</string>
		</dict>
		<key>36E4DDF602F1443A0C807C26</key>
		<dict>
			<key>fileRef</key>
			<string>D47B66D5C8EDB62A193A7563</string>
			<key>isa</key>
			<string>PBXBuildFile</string>
		</dict>
		<key>3806672674D03B6FDB0353E8</key>
		<dict>
			<key>includeInIndex</key>
			<string>1</string>
			<key>isa</key>
			<string>PBXFileReference</string>
			<key>lastKnownFileType</key>
			<string>text.xcconfig</string>
			<key>name</key>
			<string>Pods-KittenWeatherTests.release.xcconfig</string>
			<key>path</key>
			<string>Pods/Target Support Files/Pods-KittenWeatherTests/Pods-KittenWeatherTests.release.xcconfig</string>
			<key>sourceTree</key>
			<string>&lt;group&gt;</string>
		</dict>
		<key>4272076765662E95A7AEF146</key>
		<dict>
			<key>buildActionMask</key>
			<string>2147483647</string>
			<key>files</key>
			<array/>
			<key>inputPaths</key>
			<array/>
			<key>isa</key>
			<string>PBXShellScriptBuildPhase</string>
			<key>name</key>
			<string>Check Pods Manifest.lock</string>
			<key>outputPaths</key>
			<array/>
			<key>runOnlyForDeploymentPostprocessing</key>
			<string>0</string>
			<key>shellPath</key>
			<string>/bin/sh</string>
			<key>shellScript</key>
			<string>diff "${PODS_ROOT}/../Podfile.lock" "${PODS_ROOT}/Manifest.lock" &gt; /dev/null
if [[ $? != 0 ]] ; then
    cat &lt;&lt; EOM
error: The sandbox is not in sync with the Podfile.lock. Run 'pod install' or update your CocoaPods installation.
EOM
    exit 1
fi
</string>
			<key>showEnvVarsInLog</key>
			<string>0</string>
		</dict>
		<key>4868FA7B4819574B2E604B93</key>
		<dict>
			<key>buildActionMask</key>
			<string>2147483647</string>
			<key>files</key>
			<array/>
			<key>inputPaths</key>
			<array/>
			<key>isa</key>
			<string>PBXShellScriptBuildPhase</string>
			<key>name</key>
			<string>Copy Pods Resources</string>
			<key>outputPaths</key>
			<array/>
			<key>runOnlyForDeploymentPostprocessing</key>
			<string>0</string>
			<key>shellPath</key>
			<string>/bin/sh</string>
			<key>shellScript</key>
			<string>"${SRCROOT}/Pods/Target Support Files/Pods-KittenWeatherTests/Pods-KittenWeatherTests-resources.sh"
</string>
			<key>showEnvVarsInLog</key>
			<string>0</string>
		</dict>
		<key>770FD2479A258D593955F87F</key>
		<dict>
			<key>children</key>
			<array>
				<string>D47B66D5C8EDB62A193A7563</string>
				<string>BBEBD4D42D48FBAF7FE58E91</string>
			</array>
			<key>isa</key>
			<string>PBXGroup</string>
			<key>name</key>
			<string>Frameworks</string>
			<key>sourceTree</key>
			<string>&lt;group&gt;</string>
		</dict>
		<key>90B02D9BDED15C9E99B6752F</key>
		<dict>
			<key>includeInIndex</key>
			<string>1</string>
			<key>isa</key>
			<string>PBXFileReference</string>
			<key>lastKnownFileType</key>
			<string>text.xcconfig</string>
			<key>name</key>
			<string>Pods-KittenWeatherTests.debug.xcconfig</string>
			<key>path</key>
			<string>Pods/Target Support Files/Pods-KittenWeatherTests/Pods-KittenWeatherTests.debug.xcconfig</string>
			<key>sourceTree</key>
			<string>&lt;group&gt;</string>
		</dict>
		<key>99E2E65A6C3AF209A9352CE1</key>
		<dict>
			<key>children</key>
			<array>
				<string>90B02D9BDED15C9E99B6752F</string>
				<string>3806672674D03B6FDB0353E8</string>
				<string>BD93D5D95BFBA92445C0A25C</string>
				<string>1C3EED05880226191BD6CA8C</string>
			</array>
			<key>isa</key>
			<string>PBXGroup</string>
			<key>name</key>
			<string>Pods</string>
			<key>sourceTree</key>
			<string>&lt;group&gt;</string>
		</dict>
		<key>9BF6224A1AD860C50017E053</key>
		<dict>
			<key>fileEncoding</key>
			<string>4</string>
			<key>isa</key>
			<string>PBXFileReference</string>
			<key>lastKnownFileType</key>
			<string>sourcecode.javascript</string>
			<key>path</key>
			<string>UIAutoMonkey.js</string>
			<key>sourceTree</key>
			<string>&lt;group&gt;</string>
		</dict>
		<key>9BF6224B1AD860C50017E053</key>
		<dict>
			<key>fileRef</key>
			<string>9BF6224A1AD860C50017E053</string>
			<key>isa</key>
			<string>PBXBuildFile</string>
		</dict>
		<key>BBEBD4D42D48FBAF7FE58E91</key>
		<dict>
			<key>explicitFileType</key>
			<string>archive.ar</string>
			<key>includeInIndex</key>
			<string>0</string>
			<key>isa</key>
			<string>PBXFileReference</string>
			<key>path</key>
			<string>libPods.a</string>
			<key>sourceTree</key>
			<string>BUILT_PRODUCTS_DIR</string>
		</dict>
		<key>BD93D5D95BFBA92445C0A25C</key>
		<dict>
			<key>includeInIndex</key>
			<string>1</string>
			<key>isa</key>
			<string>PBXFileReference</string>
			<key>lastKnownFileType</key>
			<string>text.xcconfig</string>
			<key>name</key>
			<string>Pods.debug.xcconfig</string>
			<key>path</key>
			<string>Pods/Target Support Files/Pods/Pods.debug.xcconfig</string>
			<key>sourceTree</key>
			<string>&lt;group&gt;</string>
		</dict>
		<key>C7ABE852F5024FF33C662FD5</key>
		<dict>
			<key>buildActionMask</key>
			<string>2147483647</string>
			<key>files</key>
			<array/>
			<key>inputPaths</key>
			<array/>
			<key>isa</key>
			<string>PBXShellScriptBuildPhase</string>
			<key>name</key>
			<string>Check Pods Manifest.lock</string>
			<key>outputPaths</key>
			<array/>
			<key>runOnlyForDeploymentPostprocessing</key>
			<string>0</string>
			<key>shellPath</key>
			<string>/bin/sh</string>
			<key>shellScript</key>
			<string>diff "${PODS_ROOT}/../Podfile.lock" "${PODS_ROOT}/Manifest.lock" &gt; /dev/null
if [[ $? != 0 ]] ; then
    cat &lt;&lt; EOM
error: The sandbox is not in sync with the Podfile.lock. Run 'pod install' or update your CocoaPods installation.
EOM
    exit 1
fi
</string>
			<key>showEnvVarsInLog</key>
			<string>0</string>
		</dict>
		<key>D47B66D5C8EDB62A193A7563</key>
		<dict>
			<key>explicitFileType</key>
			<string>archive.ar</string>
			<key>includeInIndex</key>
			<string>0</string>
			<key>isa</key>
			<string>PBXFileReference</string>
			<key>path</key>
			<string>libPods-KittenWeatherTests.a</string>
			<key>sourceTree</key>
			<string>BUILT_PRODUCTS_DIR</string>
		</dict>
		<key>E5258AE6780316B1124265EA</key>
		<dict>
			<key>buildActionMask</key>
			<string>2147483647</string>
			<key>files</key>
			<array/>
			<key>inputPaths</key>
			<array/>
			<key>isa</key>
			<string>PBXShellScriptBuildPhase</string>
			<key>name</key>
			<string>Copy Pods Resources</string>
			<key>outputPaths</key>
			<array/>
			<key>runOnlyForDeploymentPostprocessing</key>
			<string>0</string>
			<key>shellPath</key>
			<string>/bin/sh</string>
			<key>shellScript</key>
			<string>"${SRCROOT}/Pods/Target Support Files/Pods/Pods-resources.sh"
</string>
			<key>showEnvVarsInLog</key>
			<string>0</string>
		</dict>
	</dict>
	<key>rootObject</key>
	<string>14CC24561A8CF63B00868D1F</string>
</dict>
</plist>
